{
  "name": "portfolio_site",
  "lockfileVersion": 3,
  "requires": true,
  "packages": {
    "": {
      "dependencies": {
        "@iconify-json/devicon": "^1.2.62",
        "@iconify-json/logos": "^1.2.11",
        "@iconify-json/simple-icons": "^1.2.79"
      }
    },
    "node_modules/@iconify-json/devicon": {
      "version": "1.2.62",
      "resolved": "https://registry.npmjs.org/@iconify-json/devicon/-/devicon-1.2.62.tgz",
      "integrity": "sha512-X0o0+fOJL2t5JTbDCGLRzrmvf8Pv5q8dr86+fW+F/VJ9qvXTtny6lqGIwjE9AY4VTLm3i8f/N+VtRheSW6OkEg==",
      "license": "MIT",
      "dependencies": {
        "@iconify/types": "*"
      }
    },
    "node_modules/@iconify-json/logos": {
      "version": "1.2.11",
      "resolved": "https://registry.npmjs.org/@iconify-json/logos/-/logos-1.2.11.tgz",
      "integrity": "sha512-fOo4pGEatuyuCFNL+cwquYMa2Im0oJHRHV7lt/Qqs5Ode/lPImHCQcfTtPzZj7qYMPb/h8YHN3TG54uEowrjNQ==",
      "license": "CC0-1.0",
      "dependencies": {
        "@iconify/types": "*"
      }
    },
    "node_modules/@iconify-json/simple-icons": {
      "version": "1.2.79",
      "resolved": "https://registry.npmjs.org/@iconify-json/simple-icons/-/simple-icons-1.2.79.tgz",
      "integrity": "sha512-aNyO7Fd1qej9oQfIyohYFRv0lhQLaZ+6UkK1c1qwax0MDPUOZOdq65MlU500kow97pD/W+b2u1And3e25eE24Q==",
      "license": "CC0-1.0",
      "dependencies": {
        "@iconify/types": "*"
      }
    },
    "node_modules/@iconify/types": {
      "version": "2.0.0",
      "resolved": "https://registry.npmjs.org/@iconify/types/-/types-2.0.0.tgz",
      "integrity": "sha512-+wluvCrRhXrhyOmRDJ3q8mux9JkKy5SJ/v8ol2tu4FVjyYvtEzkc/3pK15ET6RKg4b4w4BmTk1+gsCUhf21Ykg==",
      "license": "MIT"
    }
  }
}
